
Microsoft Visual Studio Solution File, Format Version 12.00
# Visual Studio Version 17
VisualStudioVersion = 17.5.33424.131
MinimumVisualStudioVersion = 10.0.40219.1
Project("{FAE04EC0-301F-11D3-BF4B-00C04F79EFBC}") = "TimeTracking", "TimeTracking\TimeTracking.csproj", "{A7D44956-6D92-40D9-8040-E67CC4A3BDEE}"
EndProject
Project("{FAE04EC0-301F-11D3-BF4B-00C04F79EFBC}") = "TimeTracking.Domain", "TimeTracking.Domain\TimeTracking.Domain.csproj", "{B6006452-6FBB-412E-8E1B-D49C9D75DDF7}"
EndProject
Project("{FAE04EC0-301F-11D3-BF4B-00C04F79EFBC}") = "TimeTracking.Services", "TimeTracking.Services\TimeTracking.Services.csproj", "{BBE9FB73-86DA-48FC-9C0F-75848088BC9F}"
EndProject
Global
	GlobalSection(SolutionConfigurationPlatforms) = preSolution
		Debug|Any CPU = Debug|Any CPU
		Release|Any CPU = Release|Any CPU
	EndGlobalSection
	GlobalSection(ProjectConfigurationPlatforms) = postSolution
		{A7D44956-6D92-40D9-8040-E67CC4A3BDEE}.Debug|Any CPU.ActiveCfg = Debug|Any CPU
		{A7D44956-6D92-40D9-8040-E67CC4A3BDEE}.Debug|Any CPU.Build.0 = Debug|Any CPU
		{A7D44956-6D92-40D9-8040-E67CC4A3BDEE}.Release|Any CPU.ActiveCfg = Release|Any CPU
		{A7D44956-6D92-40D9-8040-E67CC4A3BDEE}.Release|Any CPU.Build.0 = Release|Any CPU
		{B6006452-6FBB-412E-8E1B-D49C9D75DDF7}.Debug|Any CPU.ActiveCfg = Debug|Any CPU
		{B6006452-6FBB-412E-8E1B-D49C9D75DDF7}.Debug|Any CPU.Build.0 = Debug|Any CPU
		{B6006452-6FBB-412E-8E1B-D49C9D75DDF7}.Release|Any CPU.ActiveCfg = Release|Any CPU
		{B6006452-6FBB-412E-8E1B-D49C9D75DDF7}.Release|Any CPU.Build.0 = Release|Any CPU
		{BBE9FB73-86DA-48FC-9C0F-75848088BC9F}.Debug|Any CPU.ActiveCfg = Debug|Any CPU
		{BBE9FB73-86DA-48FC-9C0F-75848088BC9F}.Debug|Any CPU.Build.0 = Debug|Any CPU
		{BBE9FB73-86DA-48FC-9C0F-75848088BC9F}.Release|Any CPU.ActiveCfg = Release|Any CPU
		{BBE9FB73-86DA-48FC-9C0F-75848088BC9F}.Release|Any CPU.Build.0 = Release|Any CPU
	EndGlobalSection
	GlobalSection(SolutionProperties) = preSolution
		HideSolutionNode = FALSE
	EndGlobalSection
	GlobalSection(ExtensibilityGlobals) = postSolution
		SolutionGuid = {91699C44-0300-41A0-995A-C4561CE276DB}
	EndGlobalSection
EndGlobal
